
Microsoft Visual Studio Solution File, Format Version 12.00
# Visual Studio 2013
VisualStudioVersion = 12.0.30723.0
MinimumVisualStudioVersion = 10.0.40219.1
Project("{FAE04EC0-301F-11D3-BF4B-00C04F79EFBC}") = "AutoComplete", "AutoComplete\AutoComplete.csproj", "{B8B36751-A4E3-48B4-AF76-1DBBD73564F0}"
EndProject
Project("{FAE04EC0-301F-11D3-BF4B-00C04F79EFBC}") = "AutoComplete.Tests", "AutoComplete.Tests\AutoComplete.Tests.csproj", "{0E646145-7BA1-4AD0-AC16-B1DC53F9CDFC}"
EndProject
Global
	GlobalSection(SolutionConfigurationPlatforms) = preSolution
		Debug|Any CPU = Debug|Any CPU
		Release|Any CPU = Release|Any CPU
	EndGlobalSection
	GlobalSection(ProjectConfigurationPlatforms) = postSolution
		{B8B36751-A4E3-48B4-AF76-1DBBD73564F0}.Debug|Any CPU.ActiveCfg = Debug|Any CPU
		{B8B36751-A4E3-48B4-AF76-1DBBD73564F0}.Debug|Any CPU.Build.0 = Debug|Any CPU
		{B8B36751-A4E3-48B4-AF76-1DBBD73564F0}.Release|Any CPU.ActiveCfg = Release|Any CPU
		{B8B36751-A4E3-48B4-AF76-1DBBD73564F0}.Release|Any CPU.Build.0 = Release|Any CPU
		{0E646145-7BA1-4AD0-AC16-B1DC53F9CDFC}.Debug|Any CPU.ActiveCfg = Debug|Any CPU
		{0E646145-7BA1-4AD0-AC16-B1DC53F9CDFC}.Debug|Any CPU.Build.0 = Debug|Any CPU
		{0E646145-7BA1-4AD0-AC16-B1DC53F9CDFC}.Release|Any CPU.ActiveCfg = Release|Any CPU
		{0E646145-7BA1-4AD0-AC16-B1DC53F9CDFC}.Release|Any CPU.Build.0 = Release|Any CPU
	EndGlobalSection
	GlobalSection(SolutionProperties) = preSolution
		HideSolutionNode = FALSE
	EndGlobalSection
EndGlobal
